
Microsoft Visual Studio Solution File, Format Version 12.00
# Visual Studio Version 17
VisualStudioVersion = 17.6.33815.320
MinimumVisualStudioVersion = 10.0.40219.1
Project("{FAE04EC0-301F-11D3-BF4B-00C04F79EFBC}") = "ConsoleApp", "ConsoleApp\ConsoleApp.csproj", "{E02E4030-6789-463E-B4E4-C7076950B3F9}"
EndProject
Project("{2150E333-8FDC-42A3-9474-1A3956D46DE8}") = "方案項目", "方案項目", "{504F474B-0D3A-47E3-85C5-3828D07F9BE0}"
	ProjectSection(SolutionItems) = preProject
		README.md = README.md
	EndProjectSection
EndProject
Global
	GlobalSection(SolutionConfigurationPlatforms) = preSolution
		Debug|Any CPU = Debug|Any CPU
		Release|Any CPU = Release|Any CPU
	EndGlobalSection
	GlobalSection(ProjectConfigurationPlatforms) = postSolution
		{E02E4030-6789-463E-B4E4-C7076950B3F9}.Debug|Any CPU.ActiveCfg = Debug|Any CPU
		{E02E4030-6789-463E-B4E4-C7076950B3F9}.Debug|Any CPU.Build.0 = Debug|Any CPU
		{E02E4030-6789-463E-B4E4-C7076950B3F9}.Release|Any CPU.ActiveCfg = Release|Any CPU
		{E02E4030-6789-463E-B4E4-C7076950B3F9}.Release|Any CPU.Build.0 = Release|Any CPU
	EndGlobalSection
	GlobalSection(SolutionProperties) = preSolution
		HideSolutionNode = FALSE
	EndGlobalSection
	GlobalSection(ExtensibilityGlobals) = postSolution
		SolutionGuid = {1C0038AC-BFCB-444B-8CB8-7E58EA3F4347}
	EndGlobalSection
EndGlobal
