
Microsoft Visual Studio Solution File, Format Version 12.00
# Visual Studio Version 17
VisualStudioVersion = 17.6.33815.320
MinimumVisualStudioVersion = 10.0.40219.1
Project("{FAE04EC0-301F-11D3-BF4B-00C04F79EFBC}") = "ConsoleApp", "ConsoleApp\ConsoleApp.csproj", "{E02E4030-6789-463E-B4E4-C7076950B3F9}"
EndProject
Project("{2150E333-8FDC-42A3-9474-1A3956D46DE8}") = "方案項目", "方案項目", "{504F474B-0D3A-47E3-85C5-3828D07F9BE0}"
	ProjectSection(SolutionItems) = preProject
		README.md = README.md
	EndProjectSection
EndProject
Project("{FAE04EC0-301F-11D3-BF4B-00C04F79EFBC}") = "TestEntityFramework", "TestEntityFramework\TestEntityFramework.csproj", "{FFA60129-5F26-4E63-98B6-AB5A66C99DB0}"
EndProject
Project("{FAE04EC0-301F-11D3-BF4B-00C04F79EFBC}") = "TestTfsClient", "TestTfsClient\TestTfsClient.csproj", "{E67EAFE7-E1CC-466D-97A6-897C344FD2CD}"
EndProject
Project("{FAE04EC0-301F-11D3-BF4B-00C04F79EFBC}") = "TestReportingService", "TestReportingService\TestReportingService.csproj", "{3D33F3A3-F424-46C7-8BBE-B07B5A64705B}"
EndProject
<<<<<<< HEAD
Project("{FAE04EC0-301F-11D3-BF4B-00C04F79EFBC}") = "TestServiceBroker", "TestServiceBroker\TestServiceBroker.csproj", "{75BA90BD-6503-493D-AFF4-84BEEC8AF648}"
=======
Project("{FAE04EC0-301F-11D3-BF4B-00C04F79EFBC}") = "TestFormAuth", "TestFormAuth\TestFormAuth.csproj", "{57902CFD-9280-4CA2-876F-3FB2D96E4452}"
>>>>>>> 490e139c247b633f53b98082b0a145c0b08f3cb3
EndProject
Global
	GlobalSection(SolutionConfigurationPlatforms) = preSolution
		Debug|Any CPU = Debug|Any CPU
		Release|Any CPU = Release|Any CPU
	EndGlobalSection
	GlobalSection(ProjectConfigurationPlatforms) = postSolution
		{E02E4030-6789-463E-B4E4-C7076950B3F9}.Debug|Any CPU.ActiveCfg = Debug|Any CPU
		{E02E4030-6789-463E-B4E4-C7076950B3F9}.Debug|Any CPU.Build.0 = Debug|Any CPU
		{E02E4030-6789-463E-B4E4-C7076950B3F9}.Release|Any CPU.ActiveCfg = Release|Any CPU
		{E02E4030-6789-463E-B4E4-C7076950B3F9}.Release|Any CPU.Build.0 = Release|Any CPU
		{FFA60129-5F26-4E63-98B6-AB5A66C99DB0}.Debug|Any CPU.ActiveCfg = Debug|Any CPU
		{FFA60129-5F26-4E63-98B6-AB5A66C99DB0}.Debug|Any CPU.Build.0 = Debug|Any CPU
		{FFA60129-5F26-4E63-98B6-AB5A66C99DB0}.Release|Any CPU.ActiveCfg = Release|Any CPU
		{FFA60129-5F26-4E63-98B6-AB5A66C99DB0}.Release|Any CPU.Build.0 = Release|Any CPU
		{E67EAFE7-E1CC-466D-97A6-897C344FD2CD}.Debug|Any CPU.ActiveCfg = Debug|Any CPU
		{E67EAFE7-E1CC-466D-97A6-897C344FD2CD}.Debug|Any CPU.Build.0 = Debug|Any CPU
		{E67EAFE7-E1CC-466D-97A6-897C344FD2CD}.Release|Any CPU.ActiveCfg = Release|Any CPU
		{E67EAFE7-E1CC-466D-97A6-897C344FD2CD}.Release|Any CPU.Build.0 = Release|Any CPU
		{3D33F3A3-F424-46C7-8BBE-B07B5A64705B}.Debug|Any CPU.ActiveCfg = Debug|Any CPU
		{3D33F3A3-F424-46C7-8BBE-B07B5A64705B}.Debug|Any CPU.Build.0 = Debug|Any CPU
		{3D33F3A3-F424-46C7-8BBE-B07B5A64705B}.Release|Any CPU.ActiveCfg = Release|Any CPU
		{3D33F3A3-F424-46C7-8BBE-B07B5A64705B}.Release|Any CPU.Build.0 = Release|Any CPU
<<<<<<< HEAD
		{75BA90BD-6503-493D-AFF4-84BEEC8AF648}.Debug|Any CPU.ActiveCfg = Debug|Any CPU
		{75BA90BD-6503-493D-AFF4-84BEEC8AF648}.Debug|Any CPU.Build.0 = Debug|Any CPU
		{75BA90BD-6503-493D-AFF4-84BEEC8AF648}.Release|Any CPU.ActiveCfg = Release|Any CPU
		{75BA90BD-6503-493D-AFF4-84BEEC8AF648}.Release|Any CPU.Build.0 = Release|Any CPU
=======
		{57902CFD-9280-4CA2-876F-3FB2D96E4452}.Debug|Any CPU.ActiveCfg = Debug|Any CPU
		{57902CFD-9280-4CA2-876F-3FB2D96E4452}.Debug|Any CPU.Build.0 = Debug|Any CPU
		{57902CFD-9280-4CA2-876F-3FB2D96E4452}.Release|Any CPU.ActiveCfg = Release|Any CPU
		{57902CFD-9280-4CA2-876F-3FB2D96E4452}.Release|Any CPU.Build.0 = Release|Any CPU
>>>>>>> 490e139c247b633f53b98082b0a145c0b08f3cb3
	EndGlobalSection
	GlobalSection(SolutionProperties) = preSolution
		HideSolutionNode = FALSE
	EndGlobalSection
	GlobalSection(ExtensibilityGlobals) = postSolution
		SolutionGuid = {1C0038AC-BFCB-444B-8CB8-7E58EA3F4347}
	EndGlobalSection
EndGlobal
